<?xml version="1.0" encoding="utf-8"?>
<Project ToolsVersion="4.0" xmlns="http://schemas.microsoft.com/developer/msbuild/2003">
  <ItemGroup>
    <Filter Include="Common">
      <UniqueIdentifier>{095731b2-3492-42ec-829c-db1be28e5406}</UniqueIdentifier>
    </Filter>
    <Filter Include="Main">
      <UniqueIdentifier>{ec2d6fbd-e09d-4974-8ce2-db961c73b518}</UniqueIdentifier>
    </Filter>
  </ItemGroup>
  <ItemGroup>
    <ClInclude Include="..\Common\Timer.h">
      <Filter>Common</Filter>
    </ClInclude>
    <ClInclude Include="Main\InitD3DApp.h">
      <Filter>Main</Filter>
    </ClInclude>
    <ClInclude Include="..\Common\D3DApplication.h">
      <Filter>Common</Filter>
    </ClInclude>
    <ClInclude Include="..\Common\DxErrorChecker.h">
      <Filter>Common</Filter>
    </ClInclude>
  </ItemGroup>
  <ItemGroup>
    <ClCompile Include="..\Common\Timer.cpp">
      <Filter>Common</Filter>
    </ClCompile>
    <ClCompile Include="Main\main.cpp">
      <Filter>Main</Filter>
    </ClCompile>
    <ClCompile Include="..\Common\D3DApplication.cpp">
      <Filter>Common</Filter>
    </ClCompile>
    <ClCompile Include="..\Common\DxErrorChecker.cpp">
      <Filter>Common</Filter>
    </ClCompile>
  </ItemGroup>
</Project>