
Microsoft Visual Studio Solution File, Format Version 12.00
# Visual Studio 2012
Project("{8BC9CEB8-8B4A-11D0-8D11-00A0C91BC942}") = "InitDirect3D", "InitDirect3D\InitDirect3D.vcxproj", "{14D1831B-7303-4FDF-A787-E02B819E6C72}"
EndProject
Project("{8BC9CEB8-8B4A-11D0-8D11-00A0C91BC942}") = "Box", "Box\Box.vcxproj", "{821B3421-1493-4558-8192-4464197E5969}"
EndProject
Project("{8BC9CEB8-8B4A-11D0-8D11-00A0C91BC942}") = "Hill", "Hill\Hill.vcxproj", "{64B1E8F3-5B1B-4453-8AB9-1619290C38F9}"
EndProject
Project("{8BC9CEB8-8B4A-11D0-8D11-00A0C91BC942}") = "Shapes", "Shapes\Shapes.vcxproj", "{97A38573-2B02-4FD8-8452-2494D5D5E78E}"
EndProject
Project("{8BC9CEB8-8B4A-11D0-8D11-00A0C91BC942}") = "Waves", "Waves\Waves.vcxproj", "{23CCB98A-F255-4773-A097-87F3CC27DE18}"
EndProject
Project("{8BC9CEB8-8B4A-11D0-8D11-00A0C91BC942}") = "Lighting", "Lighting\Lighting.vcxproj", "{968F9610-A40B-4B79-B7C0-107AE85D6000}"
EndProject
Project("{8BC9CEB8-8B4A-11D0-8D11-00A0C91BC942}") = "Texturing", "Texturing\Texturing.vcxproj", "{C0474AA7-3150-4FA0-B640-C554DF7DE4E8}"
EndProject
Project("{8BC9CEB8-8B4A-11D0-8D11-00A0C91BC942}") = "Blending", "Blending\Blending.vcxproj", "{433C78A7-8E8B-4B18-95B2-CBD5FED7BC05}"
EndProject
Project("{8BC9CEB8-8B4A-11D0-8D11-00A0C91BC942}") = "GeometryShaderBillboards", "GeometryShaderBillboards\GeometryShaderBillboards.vcxproj", "{0C1364B8-8D01-411D-80A4-5DD9977586D3}"
EndProject
Project("{8BC9CEB8-8B4A-11D0-8D11-00A0C91BC942}") = "Blur", "Blur\Blur.vcxproj", "{AD736897-88A2-49AD-A517-074257560A90}"
EndProject
Project("{8BC9CEB8-8B4A-11D0-8D11-00A0C91BC942}") = "StaticCubeMapping", "StaticCubeMapping\StaticCubeMapping.vcxproj", "{262ACCA9-35A3-4EA6-ACC7-6757785E5907}"
EndProject
Project("{8BC9CEB8-8B4A-11D0-8D11-00A0C91BC942}") = "DynamicCubeMapping", "DynamicCubeMapping\DynamicCubeMapping.vcxproj", "{C527CD28-980D-432A-A1F0-FDAE9CA3C195}"
EndProject
Project("{8BC9CEB8-8B4A-11D0-8D11-00A0C91BC942}") = "Tesselation_BezierSurface", "Tesselation_BezierSurface\Tesselation_BezierSurface.vcxproj", "{9E92169A-8092-4CA8-9E2F-96328EFA1840}"
EndProject
Project("{8BC9CEB8-8B4A-11D0-8D11-00A0C91BC942}") = "NormalMapping", "NormalMapping\NormalMapping.vcxproj", "{7A608192-55D9-4EBB-A4FB-5A8A4F0C8589}"
EndProject
Project("{8BC9CEB8-8B4A-11D0-8D11-00A0C91BC942}") = "DisplacementMapping", "DisplacementMapping\DisplacementMapping.vcxproj", "{9E0C7745-516F-484D-8851-5D95D3253400}"
EndProject
Project("{8BC9CEB8-8B4A-11D0-8D11-00A0C91BC942}") = "Instancing", "Instancing\Instancing.vcxproj", "{3875E3B3-7076-4C21-88DC-5EEBD6E5F1C0}"
EndProject
Project("{8BC9CEB8-8B4A-11D0-8D11-00A0C91BC942}") = "ShadowMapping", "ShadowMapping\ShadowMapping.vcxproj", "{F5D7AFB4-138A-4E7E-99A7-F064F32569EE}"
EndProject
Project("{8BC9CEB8-8B4A-11D0-8D11-00A0C91BC942}") = "GPUAcceleratedInterlockingTilesAlgorithmNaive", "GPUAcceleratedInterlockingTilesAlgorithmNaive\GPUAcceleratedInterlockingTilesAlgorithmNaive.vcxproj", "{D2D1559A-B8ED-47C7-92E5-8565C1824AFB}"
EndProject
Project("{8BC9CEB8-8B4A-11D0-8D11-00A0C91BC942}") = "GPUAcceleratedInterlockingTilesAlgorithmCS", "GPUAcceleratedInterlockingTilesAlgorithmCS\GPUAcceleratedInterlockingTilesAlgorithmCS.vcxproj", "{0A109334-FBAF-4339-8900-E4BFC303F9BA}"
EndProject
Project("{8BC9CEB8-8B4A-11D0-8D11-00A0C91BC942}") = "TestingCS", "TestingCS\TestingCS.vcxproj", "{00B52CA7-D1A7-43EA-8499-8CA1A8BD7EF3}"
EndProject
Global
	GlobalSection(SolutionConfigurationPlatforms) = preSolution
		Debug|Mixed Platforms = Debug|Mixed Platforms
		Debug|Win32 = Debug|Win32
		Debug|x64 = Debug|x64
		Release|Mixed Platforms = Release|Mixed Platforms
		Release|Win32 = Release|Win32
		Release|x64 = Release|x64
	EndGlobalSection
	GlobalSection(ProjectConfigurationPlatforms) = postSolution
		{14D1831B-7303-4FDF-A787-E02B819E6C72}.Debug|Mixed Platforms.ActiveCfg = Debug|x64
		{14D1831B-7303-4FDF-A787-E02B819E6C72}.Debug|Mixed Platforms.Build.0 = Debug|x64
		{14D1831B-7303-4FDF-A787-E02B819E6C72}.Debug|Win32.ActiveCfg = Debug|Win32
		{14D1831B-7303-4FDF-A787-E02B819E6C72}.Debug|Win32.Build.0 = Debug|Win32
		{14D1831B-7303-4FDF-A787-E02B819E6C72}.Debug|x64.ActiveCfg = Debug|x64
		{14D1831B-7303-4FDF-A787-E02B819E6C72}.Debug|x64.Build.0 = Debug|x64
		{14D1831B-7303-4FDF-A787-E02B819E6C72}.Release|Mixed Platforms.ActiveCfg = Release|x64
		{14D1831B-7303-4FDF-A787-E02B819E6C72}.Release|Mixed Platforms.Build.0 = Release|x64
		{14D1831B-7303-4FDF-A787-E02B819E6C72}.Release|Win32.ActiveCfg = Release|Win32
		{14D1831B-7303-4FDF-A787-E02B819E6C72}.Release|Win32.Build.0 = Release|Win32
		{14D1831B-7303-4FDF-A787-E02B819E6C72}.Release|x64.ActiveCfg = Release|x64
		{14D1831B-7303-4FDF-A787-E02B819E6C72}.Release|x64.Build.0 = Release|x64
		{821B3421-1493-4558-8192-4464197E5969}.Debug|Mixed Platforms.ActiveCfg = Debug|x64
		{821B3421-1493-4558-8192-4464197E5969}.Debug|Mixed Platforms.Build.0 = Debug|x64
		{821B3421-1493-4558-8192-4464197E5969}.Debug|Win32.ActiveCfg = Debug|Win32
		{821B3421-1493-4558-8192-4464197E5969}.Debug|Win32.Build.0 = Debug|Win32
		{821B3421-1493-4558-8192-4464197E5969}.Debug|x64.ActiveCfg = Debug|x64
		{821B3421-1493-4558-8192-4464197E5969}.Debug|x64.Build.0 = Debug|x64
		{821B3421-1493-4558-8192-4464197E5969}.Release|Mixed Platforms.ActiveCfg = Release|x64
		{821B3421-1493-4558-8192-4464197E5969}.Release|Mixed Platforms.Build.0 = Release|x64
		{821B3421-1493-4558-8192-4464197E5969}.Release|Win32.ActiveCfg = Release|Win32
		{821B3421-1493-4558-8192-4464197E5969}.Release|Win32.Build.0 = Release|Win32
		{821B3421-1493-4558-8192-4464197E5969}.Release|x64.ActiveCfg = Release|x64
		{821B3421-1493-4558-8192-4464197E5969}.Release|x64.Build.0 = Release|x64
		{64B1E8F3-5B1B-4453-8AB9-1619290C38F9}.Debug|Mixed Platforms.ActiveCfg = Debug|x64
		{64B1E8F3-5B1B-4453-8AB9-1619290C38F9}.Debug|Mixed Platforms.Build.0 = Debug|x64
		{64B1E8F3-5B1B-4453-8AB9-1619290C38F9}.Debug|Win32.ActiveCfg = Debug|Win32
		{64B1E8F3-5B1B-4453-8AB9-1619290C38F9}.Debug|Win32.Build.0 = Debug|Win32
		{64B1E8F3-5B1B-4453-8AB9-1619290C38F9}.Debug|x64.ActiveCfg = Debug|x64
		{64B1E8F3-5B1B-4453-8AB9-1619290C38F9}.Debug|x64.Build.0 = Debug|x64
		{64B1E8F3-5B1B-4453-8AB9-1619290C38F9}.Release|Mixed Platforms.ActiveCfg = Release|x64
		{64B1E8F3-5B1B-4453-8AB9-1619290C38F9}.Release|Mixed Platforms.Build.0 = Release|x64
		{64B1E8F3-5B1B-4453-8AB9-1619290C38F9}.Release|Win32.ActiveCfg = Release|Win32
		{64B1E8F3-5B1B-4453-8AB9-1619290C38F9}.Release|Win32.Build.0 = Release|Win32
		{64B1E8F3-5B1B-4453-8AB9-1619290C38F9}.Release|x64.ActiveCfg = Release|x64
		{64B1E8F3-5B1B-4453-8AB9-1619290C38F9}.Release|x64.Build.0 = Release|x64
		{97A38573-2B02-4FD8-8452-2494D5D5E78E}.Debug|Mixed Platforms.ActiveCfg = Debug|x64
		{97A38573-2B02-4FD8-8452-2494D5D5E78E}.Debug|Mixed Platforms.Build.0 = Debug|x64
		{97A38573-2B02-4FD8-8452-2494D5D5E78E}.Debug|Win32.ActiveCfg = Debug|Win32
		{97A38573-2B02-4FD8-8452-2494D5D5E78E}.Debug|Win32.Build.0 = Debug|Win32
		{97A38573-2B02-4FD8-8452-2494D5D5E78E}.Debug|x64.ActiveCfg = Debug|x64
		{97A38573-2B02-4FD8-8452-2494D5D5E78E}.Debug|x64.Build.0 = Debug|x64
		{97A38573-2B02-4FD8-8452-2494D5D5E78E}.Release|Mixed Platforms.ActiveCfg = Release|x64
		{97A38573-2B02-4FD8-8452-2494D5D5E78E}.Release|Mixed Platforms.Build.0 = Release|x64
		{97A38573-2B02-4FD8-8452-2494D5D5E78E}.Release|Win32.ActiveCfg = Release|Win32
		{97A38573-2B02-4FD8-8452-2494D5D5E78E}.Release|Win32.Build.0 = Release|Win32
		{97A38573-2B02-4FD8-8452-2494D5D5E78E}.Release|x64.ActiveCfg = Release|x64
		{97A38573-2B02-4FD8-8452-2494D5D5E78E}.Release|x64.Build.0 = Release|x64
		{23CCB98A-F255-4773-A097-87F3CC27DE18}.Debug|Mixed Platforms.ActiveCfg = Debug|x64
		{23CCB98A-F255-4773-A097-87F3CC27DE18}.Debug|Mixed Platforms.Build.0 = Debug|x64
		{23CCB98A-F255-4773-A097-87F3CC27DE18}.Debug|Win32.ActiveCfg = Debug|Win32
		{23CCB98A-F255-4773-A097-87F3CC27DE18}.Debug|Win32.Build.0 = Debug|Win32
		{23CCB98A-F255-4773-A097-87F3CC27DE18}.Debug|x64.ActiveCfg = Debug|x64
		{23CCB98A-F255-4773-A097-87F3CC27DE18}.Debug|x64.Build.0 = Debug|x64
		{23CCB98A-F255-4773-A097-87F3CC27DE18}.Release|Mixed Platforms.ActiveCfg = Release|x64
		{23CCB98A-F255-4773-A097-87F3CC27DE18}.Release|Mixed Platforms.Build.0 = Release|x64
		{23CCB98A-F255-4773-A097-87F3CC27DE18}.Release|Win32.ActiveCfg = Release|Win32
		{23CCB98A-F255-4773-A097-87F3CC27DE18}.Release|Win32.Build.0 = Release|Win32
		{23CCB98A-F255-4773-A097-87F3CC27DE18}.Release|x64.ActiveCfg = Release|x64
		{23CCB98A-F255-4773-A097-87F3CC27DE18}.Release|x64.Build.0 = Release|x64
		{968F9610-A40B-4B79-B7C0-107AE85D6000}.Debug|Mixed Platforms.ActiveCfg = Debug|x64
		{968F9610-A40B-4B79-B7C0-107AE85D6000}.Debug|Mixed Platforms.Build.0 = Debug|x64
		{968F9610-A40B-4B79-B7C0-107AE85D6000}.Debug|Win32.ActiveCfg = Debug|Win32
		{968F9610-A40B-4B79-B7C0-107AE85D6000}.Debug|Win32.Build.0 = Debug|Win32
		{968F9610-A40B-4B79-B7C0-107AE85D6000}.Debug|x64.ActiveCfg = Debug|x64
		{968F9610-A40B-4B79-B7C0-107AE85D6000}.Debug|x64.Build.0 = Debug|x64
		{968F9610-A40B-4B79-B7C0-107AE85D6000}.Release|Mixed Platforms.ActiveCfg = Release|x64
		{968F9610-A40B-4B79-B7C0-107AE85D6000}.Release|Mixed Platforms.Build.0 = Release|x64
		{968F9610-A40B-4B79-B7C0-107AE85D6000}.Release|Win32.ActiveCfg = Release|Win32
		{968F9610-A40B-4B79-B7C0-107AE85D6000}.Release|Win32.Build.0 = Release|Win32
		{968F9610-A40B-4B79-B7C0-107AE85D6000}.Release|x64.ActiveCfg = Release|x64
		{968F9610-A40B-4B79-B7C0-107AE85D6000}.Release|x64.Build.0 = Release|x64
		{C0474AA7-3150-4FA0-B640-C554DF7DE4E8}.Debug|Mixed Platforms.ActiveCfg = Debug|x64
		{C0474AA7-3150-4FA0-B640-C554DF7DE4E8}.Debug|Mixed Platforms.Build.0 = Debug|x64
		{C0474AA7-3150-4FA0-B640-C554DF7DE4E8}.Debug|Win32.ActiveCfg = Debug|Win32
		{C0474AA7-3150-4FA0-B640-C554DF7DE4E8}.Debug|Win32.Build.0 = Debug|Win32
		{C0474AA7-3150-4FA0-B640-C554DF7DE4E8}.Debug|x64.ActiveCfg = Debug|x64
		{C0474AA7-3150-4FA0-B640-C554DF7DE4E8}.Debug|x64.Build.0 = Debug|x64
		{C0474AA7-3150-4FA0-B640-C554DF7DE4E8}.Release|Mixed Platforms.ActiveCfg = Release|x64
		{C0474AA7-3150-4FA0-B640-C554DF7DE4E8}.Release|Mixed Platforms.Build.0 = Release|x64
		{C0474AA7-3150-4FA0-B640-C554DF7DE4E8}.Release|Win32.ActiveCfg = Release|Win32
		{C0474AA7-3150-4FA0-B640-C554DF7DE4E8}.Release|Win32.Build.0 = Release|Win32
		{C0474AA7-3150-4FA0-B640-C554DF7DE4E8}.Release|x64.ActiveCfg = Release|x64
		{C0474AA7-3150-4FA0-B640-C554DF7DE4E8}.Release|x64.Build.0 = Release|x64
		{433C78A7-8E8B-4B18-95B2-CBD5FED7BC05}.Debug|Mixed Platforms.ActiveCfg = Debug|x64
		{433C78A7-8E8B-4B18-95B2-CBD5FED7BC05}.Debug|Mixed Platforms.Build.0 = Debug|x64
		{433C78A7-8E8B-4B18-95B2-CBD5FED7BC05}.Debug|Win32.ActiveCfg = Debug|Win32
		{433C78A7-8E8B-4B18-95B2-CBD5FED7BC05}.Debug|Win32.Build.0 = Debug|Win32
		{433C78A7-8E8B-4B18-95B2-CBD5FED7BC05}.Debug|x64.ActiveCfg = Debug|x64
		{433C78A7-8E8B-4B18-95B2-CBD5FED7BC05}.Debug|x64.Build.0 = Debug|x64
		{433C78A7-8E8B-4B18-95B2-CBD5FED7BC05}.Release|Mixed Platforms.ActiveCfg = Release|x64
		{433C78A7-8E8B-4B18-95B2-CBD5FED7BC05}.Release|Mixed Platforms.Build.0 = Release|x64
		{433C78A7-8E8B-4B18-95B2-CBD5FED7BC05}.Release|Win32.ActiveCfg = Release|Win32
		{433C78A7-8E8B-4B18-95B2-CBD5FED7BC05}.Release|Win32.Build.0 = Release|Win32
		{433C78A7-8E8B-4B18-95B2-CBD5FED7BC05}.Release|x64.ActiveCfg = Release|x64
		{433C78A7-8E8B-4B18-95B2-CBD5FED7BC05}.Release|x64.Build.0 = Release|x64
		{0C1364B8-8D01-411D-80A4-5DD9977586D3}.Debug|Mixed Platforms.ActiveCfg = Debug|x64
		{0C1364B8-8D01-411D-80A4-5DD9977586D3}.Debug|Mixed Platforms.Build.0 = Debug|x64
		{0C1364B8-8D01-411D-80A4-5DD9977586D3}.Debug|Win32.ActiveCfg = Debug|Win32
		{0C1364B8-8D01-411D-80A4-5DD9977586D3}.Debug|Win32.Build.0 = Debug|Win32
		{0C1364B8-8D01-411D-80A4-5DD9977586D3}.Debug|x64.ActiveCfg = Debug|x64
		{0C1364B8-8D01-411D-80A4-5DD9977586D3}.Debug|x64.Build.0 = Debug|x64
		{0C1364B8-8D01-411D-80A4-5DD9977586D3}.Release|Mixed Platforms.ActiveCfg = Release|x64
		{0C1364B8-8D01-411D-80A4-5DD9977586D3}.Release|Mixed Platforms.Build.0 = Release|x64
		{0C1364B8-8D01-411D-80A4-5DD9977586D3}.Release|Win32.ActiveCfg = Release|Win32
		{0C1364B8-8D01-411D-80A4-5DD9977586D3}.Release|Win32.Build.0 = Release|Win32
		{0C1364B8-8D01-411D-80A4-5DD9977586D3}.Release|x64.ActiveCfg = Release|x64
		{0C1364B8-8D01-411D-80A4-5DD9977586D3}.Release|x64.Build.0 = Release|x64
		{AD736897-88A2-49AD-A517-074257560A90}.Debug|Mixed Platforms.ActiveCfg = Debug|Win32
		{AD736897-88A2-49AD-A517-074257560A90}.Debug|Mixed Platforms.Build.0 = Debug|Win32
		{AD736897-88A2-49AD-A517-074257560A90}.Debug|Win32.ActiveCfg = Debug|Win32
		{AD736897-88A2-49AD-A517-074257560A90}.Debug|Win32.Build.0 = Debug|Win32
		{AD736897-88A2-49AD-A517-074257560A90}.Debug|x64.ActiveCfg = Debug|x64
		{AD736897-88A2-49AD-A517-074257560A90}.Debug|x64.Build.0 = Debug|x64
		{AD736897-88A2-49AD-A517-074257560A90}.Release|Mixed Platforms.ActiveCfg = Release|Win32
		{AD736897-88A2-49AD-A517-074257560A90}.Release|Mixed Platforms.Build.0 = Release|Win32
		{AD736897-88A2-49AD-A517-074257560A90}.Release|Win32.ActiveCfg = Release|Win32
		{AD736897-88A2-49AD-A517-074257560A90}.Release|Win32.Build.0 = Release|Win32
		{AD736897-88A2-49AD-A517-074257560A90}.Release|x64.ActiveCfg = Release|x64
		{AD736897-88A2-49AD-A517-074257560A90}.Release|x64.Build.0 = Release|x64
		{262ACCA9-35A3-4EA6-ACC7-6757785E5907}.Debug|Mixed Platforms.ActiveCfg = Debug|Win32
		{262ACCA9-35A3-4EA6-ACC7-6757785E5907}.Debug|Mixed Platforms.Build.0 = Debug|Win32
		{262ACCA9-35A3-4EA6-ACC7-6757785E5907}.Debug|Win32.ActiveCfg = Debug|Win32
		{262ACCA9-35A3-4EA6-ACC7-6757785E5907}.Debug|Win32.Build.0 = Debug|Win32
		{262ACCA9-35A3-4EA6-ACC7-6757785E5907}.Debug|x64.ActiveCfg = Debug|x64
		{262ACCA9-35A3-4EA6-ACC7-6757785E5907}.Debug|x64.Build.0 = Debug|x64
		{262ACCA9-35A3-4EA6-ACC7-6757785E5907}.Release|Mixed Platforms.ActiveCfg = Release|Win32
		{262ACCA9-35A3-4EA6-ACC7-6757785E5907}.Release|Mixed Platforms.Build.0 = Release|Win32
		{262ACCA9-35A3-4EA6-ACC7-6757785E5907}.Release|Win32.ActiveCfg = Release|Win32
		{262ACCA9-35A3-4EA6-ACC7-6757785E5907}.Release|Win32.Build.0 = Release|Win32
		{262ACCA9-35A3-4EA6-ACC7-6757785E5907}.Release|x64.ActiveCfg = Release|x64
		{262ACCA9-35A3-4EA6-ACC7-6757785E5907}.Release|x64.Build.0 = Release|x64
		{C527CD28-980D-432A-A1F0-FDAE9CA3C195}.Debug|Mixed Platforms.ActiveCfg = Debug|Win32
		{C527CD28-980D-432A-A1F0-FDAE9CA3C195}.Debug|Mixed Platforms.Build.0 = Debug|Win32
		{C527CD28-980D-432A-A1F0-FDAE9CA3C195}.Debug|Win32.ActiveCfg = Debug|Win32
		{C527CD28-980D-432A-A1F0-FDAE9CA3C195}.Debug|Win32.Build.0 = Debug|Win32
		{C527CD28-980D-432A-A1F0-FDAE9CA3C195}.Debug|x64.ActiveCfg = Debug|x64
		{C527CD28-980D-432A-A1F0-FDAE9CA3C195}.Debug|x64.Build.0 = Debug|x64
		{C527CD28-980D-432A-A1F0-FDAE9CA3C195}.Release|Mixed Platforms.ActiveCfg = Release|Win32
		{C527CD28-980D-432A-A1F0-FDAE9CA3C195}.Release|Mixed Platforms.Build.0 = Release|Win32
		{C527CD28-980D-432A-A1F0-FDAE9CA3C195}.Release|Win32.ActiveCfg = Release|Win32
		{C527CD28-980D-432A-A1F0-FDAE9CA3C195}.Release|Win32.Build.0 = Release|Win32
		{C527CD28-980D-432A-A1F0-FDAE9CA3C195}.Release|x64.ActiveCfg = Release|x64
		{C527CD28-980D-432A-A1F0-FDAE9CA3C195}.Release|x64.Build.0 = Release|x64
		{9E92169A-8092-4CA8-9E2F-96328EFA1840}.Debug|Mixed Platforms.ActiveCfg = Debug|Win32
		{9E92169A-8092-4CA8-9E2F-96328EFA1840}.Debug|Mixed Platforms.Build.0 = Debug|Win32
		{9E92169A-8092-4CA8-9E2F-96328EFA1840}.Debug|Win32.ActiveCfg = Debug|Win32
		{9E92169A-8092-4CA8-9E2F-96328EFA1840}.Debug|Win32.Build.0 = Debug|Win32
		{9E92169A-8092-4CA8-9E2F-96328EFA1840}.Debug|x64.ActiveCfg = Debug|x64
		{9E92169A-8092-4CA8-9E2F-96328EFA1840}.Debug|x64.Build.0 = Debug|x64
		{9E92169A-8092-4CA8-9E2F-96328EFA1840}.Release|Mixed Platforms.ActiveCfg = Release|Win32
		{9E92169A-8092-4CA8-9E2F-96328EFA1840}.Release|Mixed Platforms.Build.0 = Release|Win32
		{9E92169A-8092-4CA8-9E2F-96328EFA1840}.Release|Win32.ActiveCfg = Release|Win32
		{9E92169A-8092-4CA8-9E2F-96328EFA1840}.Release|Win32.Build.0 = Release|Win32
		{9E92169A-8092-4CA8-9E2F-96328EFA1840}.Release|x64.ActiveCfg = Release|x64
		{9E92169A-8092-4CA8-9E2F-96328EFA1840}.Release|x64.Build.0 = Release|x64
		{7A608192-55D9-4EBB-A4FB-5A8A4F0C8589}.Debug|Mixed Platforms.ActiveCfg = Debug|Win32
		{7A608192-55D9-4EBB-A4FB-5A8A4F0C8589}.Debug|Mixed Platforms.Build.0 = Debug|Win32
		{7A608192-55D9-4EBB-A4FB-5A8A4F0C8589}.Debug|Win32.ActiveCfg = Debug|Win32
		{7A608192-55D9-4EBB-A4FB-5A8A4F0C8589}.Debug|Win32.Build.0 = Debug|Win32
		{7A608192-55D9-4EBB-A4FB-5A8A4F0C8589}.Debug|x64.ActiveCfg = Debug|x64
		{7A608192-55D9-4EBB-A4FB-5A8A4F0C8589}.Debug|x64.Build.0 = Debug|x64
		{7A608192-55D9-4EBB-A4FB-5A8A4F0C8589}.Release|Mixed Platforms.ActiveCfg = Release|Win32
		{7A608192-55D9-4EBB-A4FB-5A8A4F0C8589}.Release|Mixed Platforms.Build.0 = Release|Win32
		{7A608192-55D9-4EBB-A4FB-5A8A4F0C8589}.Release|Win32.ActiveCfg = Release|Win32
		{7A608192-55D9-4EBB-A4FB-5A8A4F0C8589}.Release|Win32.Build.0 = Release|Win32
		{7A608192-55D9-4EBB-A4FB-5A8A4F0C8589}.Release|x64.ActiveCfg = Release|x64
		{7A608192-55D9-4EBB-A4FB-5A8A4F0C8589}.Release|x64.Build.0 = Release|x64
		{9E0C7745-516F-484D-8851-5D95D3253400}.Debug|Mixed Platforms.ActiveCfg = Debug|Win32
		{9E0C7745-516F-484D-8851-5D95D3253400}.Debug|Mixed Platforms.Build.0 = Debug|Win32
		{9E0C7745-516F-484D-8851-5D95D3253400}.Debug|Win32.ActiveCfg = Debug|Win32
		{9E0C7745-516F-484D-8851-5D95D3253400}.Debug|Win32.Build.0 = Debug|Win32
		{9E0C7745-516F-484D-8851-5D95D3253400}.Debug|x64.ActiveCfg = Debug|x64
		{9E0C7745-516F-484D-8851-5D95D3253400}.Debug|x64.Build.0 = Debug|x64
		{9E0C7745-516F-484D-8851-5D95D3253400}.Release|Mixed Platforms.ActiveCfg = Release|Win32
		{9E0C7745-516F-484D-8851-5D95D3253400}.Release|Mixed Platforms.Build.0 = Release|Win32
		{9E0C7745-516F-484D-8851-5D95D3253400}.Release|Win32.ActiveCfg = Release|Win32
		{9E0C7745-516F-484D-8851-5D95D3253400}.Release|Win32.Build.0 = Release|Win32
		{9E0C7745-516F-484D-8851-5D95D3253400}.Release|x64.ActiveCfg = Release|x64
		{9E0C7745-516F-484D-8851-5D95D3253400}.Release|x64.Build.0 = Release|x64
		{3875E3B3-7076-4C21-88DC-5EEBD6E5F1C0}.Debug|Mixed Platforms.ActiveCfg = Debug|Win32
		{3875E3B3-7076-4C21-88DC-5EEBD6E5F1C0}.Debug|Mixed Platforms.Build.0 = Debug|Win32
		{3875E3B3-7076-4C21-88DC-5EEBD6E5F1C0}.Debug|Win32.ActiveCfg = Debug|Win32
		{3875E3B3-7076-4C21-88DC-5EEBD6E5F1C0}.Debug|Win32.Build.0 = Debug|Win32
		{3875E3B3-7076-4C21-88DC-5EEBD6E5F1C0}.Debug|x64.ActiveCfg = Debug|x64
		{3875E3B3-7076-4C21-88DC-5EEBD6E5F1C0}.Debug|x64.Build.0 = Debug|x64
		{3875E3B3-7076-4C21-88DC-5EEBD6E5F1C0}.Release|Mixed Platforms.ActiveCfg = Release|Win32
		{3875E3B3-7076-4C21-88DC-5EEBD6E5F1C0}.Release|Mixed Platforms.Build.0 = Release|Win32
		{3875E3B3-7076-4C21-88DC-5EEBD6E5F1C0}.Release|Win32.ActiveCfg = Release|Win32
		{3875E3B3-7076-4C21-88DC-5EEBD6E5F1C0}.Release|Win32.Build.0 = Release|Win32
		{3875E3B3-7076-4C21-88DC-5EEBD6E5F1C0}.Release|x64.ActiveCfg = Release|x64
		{3875E3B3-7076-4C21-88DC-5EEBD6E5F1C0}.Release|x64.Build.0 = Release|x64
		{F5D7AFB4-138A-4E7E-99A7-F064F32569EE}.Debug|Mixed Platforms.ActiveCfg = Debug|Win32
		{F5D7AFB4-138A-4E7E-99A7-F064F32569EE}.Debug|Mixed Platforms.Build.0 = Debug|Win32
		{F5D7AFB4-138A-4E7E-99A7-F064F32569EE}.Debug|Win32.ActiveCfg = Debug|Win32
		{F5D7AFB4-138A-4E7E-99A7-F064F32569EE}.Debug|Win32.Build.0 = Debug|Win32
		{F5D7AFB4-138A-4E7E-99A7-F064F32569EE}.Debug|x64.ActiveCfg = Debug|x64
		{F5D7AFB4-138A-4E7E-99A7-F064F32569EE}.Debug|x64.Build.0 = Debug|x64
		{F5D7AFB4-138A-4E7E-99A7-F064F32569EE}.Release|Mixed Platforms.ActiveCfg = Release|Win32
		{F5D7AFB4-138A-4E7E-99A7-F064F32569EE}.Release|Mixed Platforms.Build.0 = Release|Win32
		{F5D7AFB4-138A-4E7E-99A7-F064F32569EE}.Release|Win32.ActiveCfg = Release|Win32
		{F5D7AFB4-138A-4E7E-99A7-F064F32569EE}.Release|Win32.Build.0 = Release|Win32
		{F5D7AFB4-138A-4E7E-99A7-F064F32569EE}.Release|x64.ActiveCfg = Release|x64
		{F5D7AFB4-138A-4E7E-99A7-F064F32569EE}.Release|x64.Build.0 = Release|x64
		{D2D1559A-B8ED-47C7-92E5-8565C1824AFB}.Debug|Mixed Platforms.ActiveCfg = Debug|Win32
		{D2D1559A-B8ED-47C7-92E5-8565C1824AFB}.Debug|Mixed Platforms.Build.0 = Debug|Win32
		{D2D1559A-B8ED-47C7-92E5-8565C1824AFB}.Debug|Win32.ActiveCfg = Debug|Win32
		{D2D1559A-B8ED-47C7-92E5-8565C1824AFB}.Debug|Win32.Build.0 = Debug|Win32
		{D2D1559A-B8ED-47C7-92E5-8565C1824AFB}.Debug|x64.ActiveCfg = Debug|x64
		{D2D1559A-B8ED-47C7-92E5-8565C1824AFB}.Debug|x64.Build.0 = Debug|x64
		{D2D1559A-B8ED-47C7-92E5-8565C1824AFB}.Release|Mixed Platforms.ActiveCfg = Release|Win32
		{D2D1559A-B8ED-47C7-92E5-8565C1824AFB}.Release|Mixed Platforms.Build.0 = Release|Win32
		{D2D1559A-B8ED-47C7-92E5-8565C1824AFB}.Release|Win32.ActiveCfg = Release|Win32
		{D2D1559A-B8ED-47C7-92E5-8565C1824AFB}.Release|Win32.Build.0 = Release|Win32
		{D2D1559A-B8ED-47C7-92E5-8565C1824AFB}.Release|x64.ActiveCfg = Release|x64
		{D2D1559A-B8ED-47C7-92E5-8565C1824AFB}.Release|x64.Build.0 = Release|x64
		{0A109334-FBAF-4339-8900-E4BFC303F9BA}.Debug|Mixed Platforms.ActiveCfg = Debug|Win32
		{0A109334-FBAF-4339-8900-E4BFC303F9BA}.Debug|Mixed Platforms.Build.0 = Debug|Win32
		{0A109334-FBAF-4339-8900-E4BFC303F9BA}.Debug|Win32.ActiveCfg = Debug|Win32
		{0A109334-FBAF-4339-8900-E4BFC303F9BA}.Debug|Win32.Build.0 = Debug|Win32
		{0A109334-FBAF-4339-8900-E4BFC303F9BA}.Debug|x64.ActiveCfg = Debug|x64
		{0A109334-FBAF-4339-8900-E4BFC303F9BA}.Debug|x64.Build.0 = Debug|x64
		{0A109334-FBAF-4339-8900-E4BFC303F9BA}.Release|Mixed Platforms.ActiveCfg = Release|Win32
		{0A109334-FBAF-4339-8900-E4BFC303F9BA}.Release|Mixed Platforms.Build.0 = Release|Win32
		{0A109334-FBAF-4339-8900-E4BFC303F9BA}.Release|Win32.ActiveCfg = Release|Win32
		{0A109334-FBAF-4339-8900-E4BFC303F9BA}.Release|Win32.Build.0 = Release|Win32
		{0A109334-FBAF-4339-8900-E4BFC303F9BA}.Release|x64.ActiveCfg = Release|x64
		{0A109334-FBAF-4339-8900-E4BFC303F9BA}.Release|x64.Build.0 = Release|x64
		{00B52CA7-D1A7-43EA-8499-8CA1A8BD7EF3}.Debug|Mixed Platforms.ActiveCfg = Debug|Win32
		{00B52CA7-D1A7-43EA-8499-8CA1A8BD7EF3}.Debug|Mixed Platforms.Build.0 = Debug|Win32
		{00B52CA7-D1A7-43EA-8499-8CA1A8BD7EF3}.Debug|Win32.ActiveCfg = Debug|Win32
		{00B52CA7-D1A7-43EA-8499-8CA1A8BD7EF3}.Debug|Win32.Build.0 = Debug|Win32
		{00B52CA7-D1A7-43EA-8499-8CA1A8BD7EF3}.Debug|x64.ActiveCfg = Debug|x64
		{00B52CA7-D1A7-43EA-8499-8CA1A8BD7EF3}.Debug|x64.Build.0 = Debug|x64
		{00B52CA7-D1A7-43EA-8499-8CA1A8BD7EF3}.Release|Mixed Platforms.ActiveCfg = Release|Win32
		{00B52CA7-D1A7-43EA-8499-8CA1A8BD7EF3}.Release|Mixed Platforms.Build.0 = Release|Win32
		{00B52CA7-D1A7-43EA-8499-8CA1A8BD7EF3}.Release|Win32.ActiveCfg = Release|Win32
		{00B52CA7-D1A7-43EA-8499-8CA1A8BD7EF3}.Release|Win32.Build.0 = Release|Win32
		{00B52CA7-D1A7-43EA-8499-8CA1A8BD7EF3}.Release|x64.ActiveCfg = Release|x64
		{00B52CA7-D1A7-43EA-8499-8CA1A8BD7EF3}.Release|x64.Build.0 = Release|x64
	EndGlobalSection
	GlobalSection(SolutionProperties) = preSolution
		HideSolutionNode = FALSE
	EndGlobalSection
EndGlobal
