<?xml version="1.0" encoding="utf-8"?>
<Project ToolsVersion="4.0" xmlns="http://schemas.microsoft.com/developer/msbuild/2003">
  <ItemGroup>
    <Filter Include="Common">
      <UniqueIdentifier>{61679914-6de2-4b72-b769-9914f7d9eafa}</UniqueIdentifier>
    </Filter>
    <Filter Include="Main">
      <UniqueIdentifier>{21555771-989b-41e3-b54a-9d646cc933ed}</UniqueIdentifier>
    </Filter>
    <Filter Include="HLSL">
      <UniqueIdentifier>{a7397067-6c2a-4977-a08f-f35a4ef9a8cf}</UniqueIdentifier>
    </Filter>
    <Filter Include="Managers">
      <UniqueIdentifier>{e66b5c71-66b2-4bbb-86d9-d5f44e13de3d}</UniqueIdentifier>
    </Filter>
  </ItemGroup>
  <ItemGroup>
    <ClCompile Include="..\Common\Camera.cpp">
      <Filter>Common</Filter>
    </ClCompile>
    <ClCompile Include="..\Common\DDSTextureLoader.cpp">
      <Filter>Common</Filter>
    </ClCompile>
    <ClCompile Include="..\Common\DxErrorChecker.cpp">
      <Filter>Common</Filter>
    </ClCompile>
    <ClCompile Include="..\Common\GeometryGenerator.cpp">
      <Filter>Common</Filter>
    </ClCompile>
    <ClCompile Include="..\Common\MathHelper.cpp">
      <Filter>Common</Filter>
    </ClCompile>
    <ClCompile Include="..\Common\ShadowMapper.cpp">
      <Filter>Common</Filter>
    </ClCompile>
    <ClCompile Include="..\Common\Timer.cpp">
      <Filter>Common</Filter>
    </ClCompile>
    <ClCompile Include="Main\main.cpp">
      <Filter>Main</Filter>
    </ClCompile>
    <ClCompile Include="Managers\GeometryBuffersManager.cpp">
      <Filter>Managers</Filter>
    </ClCompile>
    <ClCompile Include="Managers\PipelineStatesManager.cpp">
      <Filter>Managers</Filter>
    </ClCompile>
    <ClCompile Include="Managers\ShadersManager.cpp">
      <Filter>Managers</Filter>
    </ClCompile>
    <ClCompile Include="Main\GPUAcceleratedInterlockingTilesAlgorithmNaive.cpp">
      <Filter>Main</Filter>
    </ClCompile>
    <ClCompile Include="..\Common\HeightMap.cpp">
      <Filter>Common</Filter>
    </ClCompile>
    <ClCompile Include="Managers\ShaderResourcesManager.cpp">
      <Filter>Managers</Filter>
    </ClCompile>
    <ClCompile Include="Main\Globals.cpp">
      <Filter>Main</Filter>
    </ClCompile>
    <ClCompile Include="Main\WindowManager.cpp">
      <Filter>Main</Filter>
    </ClCompile>
    <ClCompile Include="Main\D3DData.cpp">
      <Filter>Main</Filter>
    </ClCompile>
  </ItemGroup>
  <ItemGroup>
    <ClInclude Include="..\Common\Camera.h">
      <Filter>Common</Filter>
    </ClInclude>
    <ClInclude Include="..\Common\ConstantBuffer.h">
      <Filter>Common</Filter>
    </ClInclude>
    <ClInclude Include="..\Common\DDSTextureLoader.h">
      <Filter>Common</Filter>
    </ClInclude>
    <ClInclude Include="..\Common\DxErrorChecker.h">
      <Filter>Common</Filter>
    </ClInclude>
    <ClInclude Include="..\Common\GeometryGenerator.h">
      <Filter>Common</Filter>
    </ClInclude>
    <ClInclude Include="..\Common\LightHelper.h">
      <Filter>Common</Filter>
    </ClInclude>
    <ClInclude Include="..\Common\MathHelper.h">
      <Filter>Common</Filter>
    </ClInclude>
    <ClInclude Include="..\Common\ShadowMapper.h">
      <Filter>Common</Filter>
    </ClInclude>
    <ClInclude Include="..\Common\Timer.h">
      <Filter>Common</Filter>
    </ClInclude>
    <ClInclude Include="HLSL\Buffers.h">
      <Filter>HLSL</Filter>
    </ClInclude>
    <ClInclude Include="Managers\GeometryBuffersManager.h">
      <Filter>Managers</Filter>
    </ClInclude>
    <ClInclude Include="Managers\PipelineStatesManager.h">
      <Filter>Managers</Filter>
    </ClInclude>
    <ClInclude Include="Managers\ShadersManager.h">
      <Filter>Managers</Filter>
    </ClInclude>
    <ClInclude Include="Main\GPUAcceleratedInterlockingTilesAlgorithmNaive.h">
      <Filter>Main</Filter>
    </ClInclude>
    <ClInclude Include="..\Common\HeightMap.h">
      <Filter>Common</Filter>
    </ClInclude>
    <ClInclude Include="Main\Globals.h">
      <Filter>Main</Filter>
    </ClInclude>
    <ClInclude Include="Managers\ShaderResourcesManager.h">
      <Filter>Managers</Filter>
    </ClInclude>
    <ClInclude Include="Main\WindowManager.h">
      <Filter>Main</Filter>
    </ClInclude>
    <ClInclude Include="Main\D3DData.h">
      <Filter>Main</Filter>
    </ClInclude>
  </ItemGroup>
  <ItemGroup>
    <None Include="HLSL\Lights.hlsli">
      <Filter>HLSL</Filter>
    </None>
  </ItemGroup>
  <ItemGroup>
    <FxCompile Include="HLSL\TerrainVS.hlsl">
      <Filter>HLSL</Filter>
    </FxCompile>
    <FxCompile Include="HLSL\TerrainPS.hlsl">
      <Filter>HLSL</Filter>
    </FxCompile>
    <FxCompile Include="HLSL\TerrainHS.hlsl">
      <Filter>HLSL</Filter>
    </FxCompile>
    <FxCompile Include="HLSL\TerrainDS.hlsl">
      <Filter>HLSL</Filter>
    </FxCompile>
    <FxCompile Include="HLSL\TerrainCS.hlsl">
      <Filter>HLSL</Filter>
    </FxCompile>
  </ItemGroup>
</Project>