<?xml version="1.0" encoding="utf-8"?>
<Project ToolsVersion="4.0" xmlns="http://schemas.microsoft.com/developer/msbuild/2003">
  <ItemGroup>
    <Filter Include="Common">
      <UniqueIdentifier>{b5c2c6cd-3a5f-48da-8e90-949b36d8a5de}</UniqueIdentifier>
    </Filter>
    <Filter Include="HLSL">
      <UniqueIdentifier>{8ddef0b5-a7e0-4acc-96db-adf06c27fef1}</UniqueIdentifier>
    </Filter>
    <Filter Include="Main">
      <UniqueIdentifier>{d2dd55fd-cf68-4971-9a36-9941f493c3cd}</UniqueIdentifier>
    </Filter>
    <Filter Include="Waves">
      <UniqueIdentifier>{62bf013c-5977-4354-8f99-3b61b6aebc18}</UniqueIdentifier>
    </Filter>
  </ItemGroup>
  <ItemGroup>
    <ClInclude Include="..\Common\ConstantBuffer.h">
      <Filter>Common</Filter>
    </ClInclude>
    <ClInclude Include="..\Common\D3DApplication.h">
      <Filter>Common</Filter>
    </ClInclude>
    <ClInclude Include="..\Common\DDSTextureLoader.h">
      <Filter>Common</Filter>
    </ClInclude>
    <ClInclude Include="..\Common\DxErrorChecker.h">
      <Filter>Common</Filter>
    </ClInclude>
    <ClInclude Include="..\Common\GeometryGenerator.h">
      <Filter>Common</Filter>
    </ClInclude>
    <ClInclude Include="..\Common\LightHelper.h">
      <Filter>Common</Filter>
    </ClInclude>
    <ClInclude Include="..\Common\MathHelper.h">
      <Filter>Common</Filter>
    </ClInclude>
    <ClInclude Include="..\Common\Timer.h">
      <Filter>Common</Filter>
    </ClInclude>
    <ClInclude Include="HLSL\Buffers.h">
      <Filter>HLSL</Filter>
    </ClInclude>
    <ClInclude Include="HLSL\Vertex.h">
      <Filter>HLSL</Filter>
    </ClInclude>
    <ClInclude Include="Waves\Waves.h">
      <Filter>Waves</Filter>
    </ClInclude>
    <ClInclude Include="Main\BlendingApp.h">
      <Filter>Main</Filter>
    </ClInclude>
  </ItemGroup>
  <ItemGroup>
    <ClCompile Include="..\Common\D3DApplication.cpp">
      <Filter>Common</Filter>
    </ClCompile>
    <ClCompile Include="..\Common\DDSTextureLoader.cpp">
      <Filter>Common</Filter>
    </ClCompile>
    <ClCompile Include="..\Common\DxErrorChecker.cpp">
      <Filter>Common</Filter>
    </ClCompile>
    <ClCompile Include="..\Common\GeometryGenerator.cpp">
      <Filter>Common</Filter>
    </ClCompile>
    <ClCompile Include="..\Common\LightHelper.cpp">
      <Filter>Common</Filter>
    </ClCompile>
    <ClCompile Include="..\Common\MathHelper.cpp">
      <Filter>Common</Filter>
    </ClCompile>
    <ClCompile Include="..\Common\Timer.cpp">
      <Filter>Common</Filter>
    </ClCompile>
    <ClCompile Include="Main\main.cpp">
      <Filter>Main</Filter>
    </ClCompile>
    <ClCompile Include="Waves\Waves.cpp">
      <Filter>Waves</Filter>
    </ClCompile>
    <ClCompile Include="Main\BlendingApp.cpp">
      <Filter>Main</Filter>
    </ClCompile>
  </ItemGroup>
  <ItemGroup>
    <None Include="HLSL\Buffers.hlsli">
      <Filter>HLSL</Filter>
    </None>
    <None Include="HLSL\Lights.hlsli">
      <Filter>HLSL</Filter>
    </None>
  </ItemGroup>
  <ItemGroup>
    <FxCompile Include="HLSL\PixelShader.hlsl">
      <Filter>HLSL</Filter>
    </FxCompile>
    <FxCompile Include="HLSL\VertexShader.hlsl">
      <Filter>HLSL</Filter>
    </FxCompile>
    <FxCompile Include="HLSL\LightingPixelShader.hlsl">
      <Filter>HLSL</Filter>
    </FxCompile>
    <FxCompile Include="HLSL\LightingTexturingPixelShader.hlsl">
      <Filter>HLSL</Filter>
    </FxCompile>
    <FxCompile Include="HLSL\LightingTexturingFogPixelShader.hlsl">
      <Filter>HLSL</Filter>
    </FxCompile>
  </ItemGroup>
</Project>