<?xml version="1.0" encoding="utf-8"?>
<Project ToolsVersion="4.0" xmlns="http://schemas.microsoft.com/developer/msbuild/2003">
  <ItemGroup>
    <Filter Include="Common">
      <UniqueIdentifier>{51419bf2-fb41-49d3-8922-f2b29c7881a6}</UniqueIdentifier>
    </Filter>
    <Filter Include="HLSL">
      <UniqueIdentifier>{c0c3ad29-6d30-448a-9386-827655598be4}</UniqueIdentifier>
    </Filter>
    <Filter Include="Main">
      <UniqueIdentifier>{255ff912-c633-4655-acf7-a43a42f6406f}</UniqueIdentifier>
    </Filter>
    <Filter Include="Managers">
      <UniqueIdentifier>{44602518-88b1-4609-b6ad-fed0b270b414}</UniqueIdentifier>
    </Filter>
  </ItemGroup>
  <ItemGroup>
    <ClCompile Include="..\Common\Camera.cpp">
      <Filter>Common</Filter>
    </ClCompile>
    <ClCompile Include="..\Common\D3DApplication.cpp">
      <Filter>Common</Filter>
    </ClCompile>
    <ClCompile Include="..\Common\DDSTextureLoader.cpp">
      <Filter>Common</Filter>
    </ClCompile>
    <ClCompile Include="..\Common\DxErrorChecker.cpp">
      <Filter>Common</Filter>
    </ClCompile>
    <ClCompile Include="..\Common\GeometryGenerator.cpp">
      <Filter>Common</Filter>
    </ClCompile>
    <ClCompile Include="..\Common\LightHelper.cpp">
      <Filter>Common</Filter>
    </ClCompile>
    <ClCompile Include="..\Common\MathHelper.cpp">
      <Filter>Common</Filter>
    </ClCompile>
    <ClCompile Include="..\Common\Timer.cpp">
      <Filter>Common</Filter>
    </ClCompile>
    <ClCompile Include="Main\main.cpp">
      <Filter>Main</Filter>
    </ClCompile>
    <ClCompile Include="Managers\GeometryBuffersManager.cpp">
      <Filter>Managers</Filter>
    </ClCompile>
    <ClCompile Include="Managers\PipelineStatesManager.cpp">
      <Filter>Managers</Filter>
    </ClCompile>
    <ClCompile Include="Managers\ResourcesManager.cpp">
      <Filter>Managers</Filter>
    </ClCompile>
    <ClCompile Include="Managers\ShadersManager.cpp">
      <Filter>Managers</Filter>
    </ClCompile>
    <ClCompile Include="Main\NormalMappingApp.cpp">
      <Filter>Main</Filter>
    </ClCompile>
  </ItemGroup>
  <ItemGroup>
    <ClInclude Include="..\Common\Camera.h">
      <Filter>Common</Filter>
    </ClInclude>
    <ClInclude Include="..\Common\ConstantBuffer.h">
      <Filter>Common</Filter>
    </ClInclude>
    <ClInclude Include="..\Common\D3DApplication.h">
      <Filter>Common</Filter>
    </ClInclude>
    <ClInclude Include="..\Common\DDSTextureLoader.h">
      <Filter>Common</Filter>
    </ClInclude>
    <ClInclude Include="..\Common\DxErrorChecker.h">
      <Filter>Common</Filter>
    </ClInclude>
    <ClInclude Include="..\Common\GeometryGenerator.h">
      <Filter>Common</Filter>
    </ClInclude>
    <ClInclude Include="..\Common\LightHelper.h">
      <Filter>Common</Filter>
    </ClInclude>
    <ClInclude Include="..\Common\MathHelper.h">
      <Filter>Common</Filter>
    </ClInclude>
    <ClInclude Include="..\Common\Timer.h">
      <Filter>Common</Filter>
    </ClInclude>
    <ClInclude Include="HLSL\Buffers.h">
      <Filter>HLSL</Filter>
    </ClInclude>
    <ClInclude Include="Managers\GeometryBuffersManager.h">
      <Filter>Managers</Filter>
    </ClInclude>
    <ClInclude Include="Managers\PipelineStatesManager.h">
      <Filter>Managers</Filter>
    </ClInclude>
    <ClInclude Include="Managers\ResourcesManager.h">
      <Filter>Managers</Filter>
    </ClInclude>
    <ClInclude Include="Managers\ShadersManager.h">
      <Filter>Managers</Filter>
    </ClInclude>
    <ClInclude Include="Main\NormalMappingApp.h">
      <Filter>Main</Filter>
    </ClInclude>
  </ItemGroup>
  <ItemGroup>
    <FxCompile Include="HLSL\ShapesPS.hlsl">
      <Filter>HLSL</Filter>
    </FxCompile>
    <FxCompile Include="HLSL\ShapesVS.hlsl">
      <Filter>HLSL</Filter>
    </FxCompile>
  </ItemGroup>
  <ItemGroup>
    <None Include="HLSL\Lights.hlsli">
      <Filter>HLSL</Filter>
    </None>
  </ItemGroup>
</Project>