
Microsoft Visual Studio Solution File, Format Version 12.00
# Visual Studio 2012
Project("{8BC9CEB8-8B4A-11D0-8D11-00A0C91BC942}") = "InitDirect3D", "InitDirect3D\InitDirect3D.vcxproj", "{14D1831B-7303-4FDF-A787-E02B819E6C72}"
EndProject
Project("{8BC9CEB8-8B4A-11D0-8D11-00A0C91BC942}") = "Box", "Box\Box.vcxproj", "{821B3421-1493-4558-8192-4464197E5969}"
EndProject
Project("{8BC9CEB8-8B4A-11D0-8D11-00A0C91BC942}") = "Hill", "Hill\Hill.vcxproj", "{64B1E8F3-5B1B-4453-8AB9-1619290C38F9}"
EndProject
Project("{8BC9CEB8-8B4A-11D0-8D11-00A0C91BC942}") = "Shapes", "Shapes\Shapes.vcxproj", "{97A38573-2B02-4FD8-8452-2494D5D5E78E}"
EndProject
Project("{8BC9CEB8-8B4A-11D0-8D11-00A0C91BC942}") = "Waves", "Waves\Waves.vcxproj", "{23CCB98A-F255-4773-A097-87F3CC27DE18}"
EndProject
Global
	GlobalSection(SolutionConfigurationPlatforms) = preSolution
		Debug|Mixed Platforms = Debug|Mixed Platforms
		Debug|Win32 = Debug|Win32
		Debug|x64 = Debug|x64
		Release|Mixed Platforms = Release|Mixed Platforms
		Release|Win32 = Release|Win32
		Release|x64 = Release|x64
	EndGlobalSection
	GlobalSection(ProjectConfigurationPlatforms) = postSolution
		{14D1831B-7303-4FDF-A787-E02B819E6C72}.Debug|Mixed Platforms.ActiveCfg = Debug|x64
		{14D1831B-7303-4FDF-A787-E02B819E6C72}.Debug|Mixed Platforms.Build.0 = Debug|x64
		{14D1831B-7303-4FDF-A787-E02B819E6C72}.Debug|Win32.ActiveCfg = Debug|Win32
		{14D1831B-7303-4FDF-A787-E02B819E6C72}.Debug|Win32.Build.0 = Debug|Win32
		{14D1831B-7303-4FDF-A787-E02B819E6C72}.Debug|x64.ActiveCfg = Debug|x64
		{14D1831B-7303-4FDF-A787-E02B819E6C72}.Debug|x64.Build.0 = Debug|x64
		{14D1831B-7303-4FDF-A787-E02B819E6C72}.Release|Mixed Platforms.ActiveCfg = Release|x64
		{14D1831B-7303-4FDF-A787-E02B819E6C72}.Release|Mixed Platforms.Build.0 = Release|x64
		{14D1831B-7303-4FDF-A787-E02B819E6C72}.Release|Win32.ActiveCfg = Release|Win32
		{14D1831B-7303-4FDF-A787-E02B819E6C72}.Release|Win32.Build.0 = Release|Win32
		{14D1831B-7303-4FDF-A787-E02B819E6C72}.Release|x64.ActiveCfg = Release|x64
		{14D1831B-7303-4FDF-A787-E02B819E6C72}.Release|x64.Build.0 = Release|x64
		{821B3421-1493-4558-8192-4464197E5969}.Debug|Mixed Platforms.ActiveCfg = Debug|x64
		{821B3421-1493-4558-8192-4464197E5969}.Debug|Mixed Platforms.Build.0 = Debug|x64
		{821B3421-1493-4558-8192-4464197E5969}.Debug|Win32.ActiveCfg = Debug|Win32
		{821B3421-1493-4558-8192-4464197E5969}.Debug|Win32.Build.0 = Debug|Win32
		{821B3421-1493-4558-8192-4464197E5969}.Debug|x64.ActiveCfg = Debug|Win32
		{821B3421-1493-4558-8192-4464197E5969}.Release|Mixed Platforms.ActiveCfg = Release|x64
		{821B3421-1493-4558-8192-4464197E5969}.Release|Mixed Platforms.Build.0 = Release|x64
		{821B3421-1493-4558-8192-4464197E5969}.Release|Win32.ActiveCfg = Release|Win32
		{821B3421-1493-4558-8192-4464197E5969}.Release|Win32.Build.0 = Release|Win32
		{821B3421-1493-4558-8192-4464197E5969}.Release|x64.ActiveCfg = Release|Win32
		{64B1E8F3-5B1B-4453-8AB9-1619290C38F9}.Debug|Mixed Platforms.ActiveCfg = Debug|x64
		{64B1E8F3-5B1B-4453-8AB9-1619290C38F9}.Debug|Mixed Platforms.Build.0 = Debug|x64
		{64B1E8F3-5B1B-4453-8AB9-1619290C38F9}.Debug|Win32.ActiveCfg = Debug|Win32
		{64B1E8F3-5B1B-4453-8AB9-1619290C38F9}.Debug|Win32.Build.0 = Debug|Win32
		{64B1E8F3-5B1B-4453-8AB9-1619290C38F9}.Debug|x64.ActiveCfg = Debug|Win32
		{64B1E8F3-5B1B-4453-8AB9-1619290C38F9}.Release|Mixed Platforms.ActiveCfg = Release|x64
		{64B1E8F3-5B1B-4453-8AB9-1619290C38F9}.Release|Mixed Platforms.Build.0 = Release|x64
		{64B1E8F3-5B1B-4453-8AB9-1619290C38F9}.Release|Win32.ActiveCfg = Release|Win32
		{64B1E8F3-5B1B-4453-8AB9-1619290C38F9}.Release|Win32.Build.0 = Release|Win32
		{64B1E8F3-5B1B-4453-8AB9-1619290C38F9}.Release|x64.ActiveCfg = Release|Win32
		{97A38573-2B02-4FD8-8452-2494D5D5E78E}.Debug|Mixed Platforms.ActiveCfg = Debug|x64
		{97A38573-2B02-4FD8-8452-2494D5D5E78E}.Debug|Mixed Platforms.Build.0 = Debug|x64
		{97A38573-2B02-4FD8-8452-2494D5D5E78E}.Debug|Win32.ActiveCfg = Debug|Win32
		{97A38573-2B02-4FD8-8452-2494D5D5E78E}.Debug|Win32.Build.0 = Debug|Win32
		{97A38573-2B02-4FD8-8452-2494D5D5E78E}.Debug|x64.ActiveCfg = Debug|Win32
		{97A38573-2B02-4FD8-8452-2494D5D5E78E}.Release|Mixed Platforms.ActiveCfg = Release|x64
		{97A38573-2B02-4FD8-8452-2494D5D5E78E}.Release|Mixed Platforms.Build.0 = Release|x64
		{97A38573-2B02-4FD8-8452-2494D5D5E78E}.Release|Win32.ActiveCfg = Release|Win32
		{97A38573-2B02-4FD8-8452-2494D5D5E78E}.Release|Win32.Build.0 = Release|Win32
		{97A38573-2B02-4FD8-8452-2494D5D5E78E}.Release|x64.ActiveCfg = Release|Win32
		{23CCB98A-F255-4773-A097-87F3CC27DE18}.Debug|Mixed Platforms.ActiveCfg = Debug|x64
		{23CCB98A-F255-4773-A097-87F3CC27DE18}.Debug|Mixed Platforms.Build.0 = Debug|x64
		{23CCB98A-F255-4773-A097-87F3CC27DE18}.Debug|Win32.ActiveCfg = Debug|Win32
		{23CCB98A-F255-4773-A097-87F3CC27DE18}.Debug|Win32.Build.0 = Debug|Win32
		{23CCB98A-F255-4773-A097-87F3CC27DE18}.Debug|x64.ActiveCfg = Debug|Win32
		{23CCB98A-F255-4773-A097-87F3CC27DE18}.Release|Mixed Platforms.ActiveCfg = Release|x64
		{23CCB98A-F255-4773-A097-87F3CC27DE18}.Release|Mixed Platforms.Build.0 = Release|x64
		{23CCB98A-F255-4773-A097-87F3CC27DE18}.Release|Win32.ActiveCfg = Release|Win32
		{23CCB98A-F255-4773-A097-87F3CC27DE18}.Release|Win32.Build.0 = Release|Win32
		{23CCB98A-F255-4773-A097-87F3CC27DE18}.Release|x64.ActiveCfg = Release|Win32
	EndGlobalSection
	GlobalSection(SolutionProperties) = preSolution
		HideSolutionNode = FALSE
	EndGlobalSection
EndGlobal
